
Microsoft Visual Studio Solution File, Format Version 12.00
# Visual Studio 15
VisualStudioVersion = 15.0.28307.271
MinimumVisualStudioVersion = 10.0.40219.1
Project("{FAE04EC0-301F-11D3-BF4B-00C04F79EFBC}") = "AvatarGame", "AvatarGame\AvatarGame.csproj", "{6EABF9A0-21F6-4B4D-A6B0-9444A034A8A3}"
EndProject
Global
	GlobalSection(SolutionConfigurationPlatforms) = preSolution
		Debug|x86 = Debug|x86
		Release|x86 = Release|x86
	EndGlobalSection
	GlobalSection(ProjectConfigurationPlatforms) = postSolution
		{6EABF9A0-21F6-4B4D-A6B0-9444A034A8A3}.Debug|x86.ActiveCfg = Debug|x86
		{6EABF9A0-21F6-4B4D-A6B0-9444A034A8A3}.Debug|x86.Build.0 = Debug|x86
		{6EABF9A0-21F6-4B4D-A6B0-9444A034A8A3}.Release|x86.ActiveCfg = Release|x86
		{6EABF9A0-21F6-4B4D-A6B0-9444A034A8A3}.Release|x86.Build.0 = Release|x86
	EndGlobalSection
	GlobalSection(SolutionProperties) = preSolution
		HideSolutionNode = FALSE
	EndGlobalSection
	GlobalSection(ExtensibilityGlobals) = postSolution
		SolutionGuid = {5F6F0999-1933-4085-8CBE-7AEF9484179C}
	EndGlobalSection
EndGlobal
